// !$*UTF8*$!
{
	archiveVersion = 1;
	classes = {
	};
	objectVersion = 56;
	objects = {

/* Begin PBXBuildFile section */
		BE6336FA2A77C1D300CF0F8F /* FavouriteViewModel.swift in Sources */ = {isa = PBXBuildFile; fileRef = BE6336F92A77C1D300CF0F8F /* FavouriteViewModel.swift */; };
		BEC33FAC2A71971B009A5986 /* NetworkManager.swift in Sources */ = {isa = PBXBuildFile; fileRef = BEC33FAB2A71971B009A5986 /* NetworkManager.swift */; };
		BEC33FAE2A7264D1009A5986 /* MainViewModel.swift in Sources */ = {isa = PBXBuildFile; fileRef = BEC33FAD2A7264D1009A5986 /* MainViewModel.swift */; };
		BEC33FB02A726637009A5986 /* config.swift in Sources */ = {isa = PBXBuildFile; fileRef = BEC33FAF2A726637009A5986 /* config.swift */; };
		BEC33FB72A727B6A009A5986 /* UnsplashModel.swift in Sources */ = {isa = PBXBuildFile; fileRef = BEC33FB62A727B6A009A5986 /* UnsplashModel.swift */; };
		BEC33FB92A727CBC009A5986 /* ImageCell.swift in Sources */ = {isa = PBXBuildFile; fileRef = BEC33FB82A727CBC009A5986 /* ImageCell.swift */; };
		BEC33FBF2A727EC3009A5986 /* UICollectionViewCell+E.swift in Sources */ = {isa = PBXBuildFile; fileRef = BEC33FBE2A727EC3009A5986 /* UICollectionViewCell+E.swift */; };
		BED6E2A02A701F820059388B /* AppDelegate.swift in Sources */ = {isa = PBXBuildFile; fileRef = BED6E29F2A701F820059388B /* AppDelegate.swift */; };
		BED6E2A22A701F820059388B /* SceneDelegate.swift in Sources */ = {isa = PBXBuildFile; fileRef = BED6E2A12A701F820059388B /* SceneDelegate.swift */; };
		BED6E2A42A701F820059388B /* MainViewController.swift in Sources */ = {isa = PBXBuildFile; fileRef = BED6E2A32A701F820059388B /* MainViewController.swift */; };
		BED6E2A72A701F820059388B /* Main.storyboard in Resources */ = {isa = PBXBuildFile; fileRef = BED6E2A52A701F820059388B /* Main.storyboard */; };
		BED6E2A92A701F840059388B /* Assets.xcassets in Resources */ = {isa = PBXBuildFile; fileRef = BED6E2A82A701F840059388B /* Assets.xcassets */; };
		BED6E2AC2A701F840059388B /* LaunchScreen.storyboard in Resources */ = {isa = PBXBuildFile; fileRef = BED6E2AA2A701F840059388B /* LaunchScreen.storyboard */; };
		BEDAC86F2A72A43D00BB0311 /* TabBar.swift in Sources */ = {isa = PBXBuildFile; fileRef = BEDAC86E2A72A43D00BB0311 /* TabBar.swift */; };
		BEDAC8722A72A49B00BB0311 /* FavouriteViewController.swift in Sources */ = {isa = PBXBuildFile; fileRef = BEDAC8712A72A49B00BB0311 /* FavouriteViewController.swift */; };
		BEDAC8742A72ABC900BB0311 /* UIImageView+Extension.swift in Sources */ = {isa = PBXBuildFile; fileRef = BEDAC8732A72ABC900BB0311 /* UIImageView+Extension.swift */; };
		BEDAC8762A755E6200BB0311 /* DetailUnsplashController.swift in Sources */ = {isa = PBXBuildFile; fileRef = BEDAC8752A755E6200BB0311 /* DetailUnsplashController.swift */; };
		BEDAC8792A755E9400BB0311 /* DetailUnsplashViewModel.swift in Sources */ = {isa = PBXBuildFile; fileRef = BEDAC8782A755E9400BB0311 /* DetailUnsplashViewModel.swift */; };
		BEDAC87B2A76D79700BB0311 /* Morty.swift in Sources */ = {isa = PBXBuildFile; fileRef = BEDAC87A2A76D79700BB0311 /* Morty.swift */; };
/* End PBXBuildFile section */

/* Begin PBXFileReference section */
		BE6336F92A77C1D300CF0F8F /* FavouriteViewModel.swift */ = {isa = PBXFileReference; lastKnownFileType = sourcecode.swift; path = FavouriteViewModel.swift; sourceTree = "<group>"; };
		BEC33FAB2A71971B009A5986 /* NetworkManager.swift */ = {isa = PBXFileReference; lastKnownFileType = sourcecode.swift; path = NetworkManager.swift; sourceTree = "<group>"; };
		BEC33FAD2A7264D1009A5986 /* MainViewModel.swift */ = {isa = PBXFileReference; lastKnownFileType = sourcecode.swift; path = MainViewModel.swift; sourceTree = "<group>"; };
		BEC33FAF2A726637009A5986 /* config.swift */ = {isa = PBXFileReference; lastKnownFileType = sourcecode.swift; path = config.swift; sourceTree = "<group>"; };
		BEC33FB62A727B6A009A5986 /* UnsplashModel.swift */ = {isa = PBXFileReference; lastKnownFileType = sourcecode.swift; path = UnsplashModel.swift; sourceTree = "<group>"; };
		BEC33FB82A727CBC009A5986 /* ImageCell.swift */ = {isa = PBXFileReference; lastKnownFileType = sourcecode.swift; path = ImageCell.swift; sourceTree = "<group>"; };
		BEC33FBE2A727EC3009A5986 /* UICollectionViewCell+E.swift */ = {isa = PBXFileReference; lastKnownFileType = sourcecode.swift; path = "UICollectionViewCell+E.swift"; sourceTree = "<group>"; };
		BED6E29C2A701F820059388B /* unsplash.app */ = {isa = PBXFileReference; explicitFileType = wrapper.application; includeInIndex = 0; path = unsplash.app; sourceTree = BUILT_PRODUCTS_DIR; };
		BED6E29F2A701F820059388B /* AppDelegate.swift */ = {isa = PBXFileReference; lastKnownFileType = sourcecode.swift; path = AppDelegate.swift; sourceTree = "<group>"; };
		BED6E2A12A701F820059388B /* SceneDelegate.swift */ = {isa = PBXFileReference; lastKnownFileType = sourcecode.swift; path = SceneDelegate.swift; sourceTree = "<group>"; };
		BED6E2A32A701F820059388B /* MainViewController.swift */ = {isa = PBXFileReference; lastKnownFileType = sourcecode.swift; path = MainViewController.swift; sourceTree = "<group>"; };
		BED6E2A62A701F820059388B /* Base */ = {isa = PBXFileReference; lastKnownFileType = file.storyboard; name = Base; path = Base.lproj/Main.storyboard; sourceTree = "<group>"; };
		BED6E2A82A701F840059388B /* Assets.xcassets */ = {isa = PBXFileReference; lastKnownFileType = folder.assetcatalog; path = Assets.xcassets; sourceTree = "<group>"; };
		BED6E2AB2A701F840059388B /* Base */ = {isa = PBXFileReference; lastKnownFileType = file.storyboard; name = Base; path = Base.lproj/LaunchScreen.storyboard; sourceTree = "<group>"; };
		BED6E2AD2A701F840059388B /* Info.plist */ = {isa = PBXFileReference; lastKnownFileType = text.plist.xml; path = Info.plist; sourceTree = "<group>"; };
		BEDAC86E2A72A43D00BB0311 /* TabBar.swift */ = {isa = PBXFileReference; lastKnownFileType = sourcecode.swift; path = TabBar.swift; sourceTree = "<group>"; };
		BEDAC8712A72A49B00BB0311 /* FavouriteViewController.swift */ = {isa = PBXFileReference; lastKnownFileType = sourcecode.swift; path = FavouriteViewController.swift; sourceTree = "<group>"; };
		BEDAC8732A72ABC900BB0311 /* UIImageView+Extension.swift */ = {isa = PBXFileReference; lastKnownFileType = sourcecode.swift; path = "UIImageView+Extension.swift"; sourceTree = "<group>"; };
		BEDAC8752A755E6200BB0311 /* DetailUnsplashController.swift */ = {isa = PBXFileReference; lastKnownFileType = sourcecode.swift; path = DetailUnsplashController.swift; sourceTree = "<group>"; };
		BEDAC8782A755E9400BB0311 /* DetailUnsplashViewModel.swift */ = {isa = PBXFileReference; lastKnownFileType = sourcecode.swift; path = DetailUnsplashViewModel.swift; sourceTree = "<group>"; };
		BEDAC87A2A76D79700BB0311 /* Morty.swift */ = {isa = PBXFileReference; lastKnownFileType = sourcecode.swift; path = Morty.swift; sourceTree = "<group>"; };
/* End PBXFileReference section */

/* Begin PBXFrameworksBuildPhase section */
		BED6E2992A701F820059388B /* Frameworks */ = {
			isa = PBXFrameworksBuildPhase;
			buildActionMask = 2147483647;
			files = (
			);
			runOnlyForDeploymentPostprocessing = 0;
		};
/* End PBXFrameworksBuildPhase section */

/* Begin PBXGroup section */
		BEC33FA42A719601009A5986 /* Application */ = {
			isa = PBXGroup;
			children = (
				BED6E2A12A701F820059388B /* SceneDelegate.swift */,
				BED6E29F2A701F820059388B /* AppDelegate.swift */,
			);
			path = Application;
			sourceTree = "<group>";
		};
		BEC33FA52A719614009A5986 /* Main */ = {
			isa = PBXGroup;
			children = (
				BEC33FB12A7269EB009A5986 /* components */,
				BED6E2A52A701F820059388B /* Main.storyboard */,
				BED6E2A32A701F820059388B /* MainViewController.swift */,
				BEC33FAD2A7264D1009A5986 /* MainViewModel.swift */,
			);
			path = Main;
			sourceTree = "<group>";
		};
		BEC33FA62A71962C009A5986 /* LaunchScreen */ = {
			isa = PBXGroup;
			children = (
				BED6E2AA2A701F840059388B /* LaunchScreen.storyboard */,
			);
			path = LaunchScreen;
			sourceTree = "<group>";
		};
		BEC33FA72A71963E009A5986 /* Assets */ = {
			isa = PBXGroup;
			children = (
				BED6E2A82A701F840059388B /* Assets.xcassets */,
			);
			path = Assets;
			sourceTree = "<group>";
		};
		BEC33FA82A719655009A5986 /* InfoPlist */ = {
			isa = PBXGroup;
			children = (
				BED6E2AD2A701F840059388B /* Info.plist */,
			);
			path = InfoPlist;
			sourceTree = "<group>";
		};
		BEC33FAA2A7196B6009A5986 /* Network */ = {
			isa = PBXGroup;
			children = (
				BEC33FAB2A71971B009A5986 /* NetworkManager.swift */,
				BEC33FAF2A726637009A5986 /* config.swift */,
			);
			path = Network;
			sourceTree = "<group>";
		};
		BEC33FB12A7269EB009A5986 /* components */ = {
			isa = PBXGroup;
			children = (
				BEC33FB22A7269F8009A5986 /* Cells */,
			);
			path = components;
			sourceTree = "<group>";
		};
		BEC33FB22A7269F8009A5986 /* Cells */ = {
			isa = PBXGroup;
			children = (
				BEC33FB82A727CBC009A5986 /* ImageCell.swift */,
			);
			path = Cells;
			sourceTree = "<group>";
		};
		BEC33FBD2A727EAC009A5986 /* Extension */ = {
			isa = PBXGroup;
			children = (
				BEC33FBE2A727EC3009A5986 /* UICollectionViewCell+E.swift */,
				BEDAC8732A72ABC900BB0311 /* UIImageView+Extension.swift */,
			);
			path = Extension;
			sourceTree = "<group>";
		};
		BEC33FC12A729391009A5986 /* Resources */ = {
			isa = PBXGroup;
			children = (
				BEC33FA62A71962C009A5986 /* LaunchScreen */,
				BEC33FA72A71963E009A5986 /* Assets */,
			);
			path = Resources;
			sourceTree = "<group>";
		};
		BEC33FC22A7295EE009A5986 /* Services */ = {
			isa = PBXGroup;
			children = (
				BEC33FC32A7295FE009A5986 /* Model */,
				BEC33FAA2A7196B6009A5986 /* Network */,
			);
			path = Services;
			sourceTree = "<group>";
		};
		BEC33FC32A7295FE009A5986 /* Model */ = {
			isa = PBXGroup;
			children = (
				BEC33FB62A727B6A009A5986 /* UnsplashModel.swift */,
				BEDAC87A2A76D79700BB0311 /* Morty.swift */,
			);
			path = Model;
			sourceTree = "<group>";
		};
		BED6E2932A701F820059388B = {
			isa = PBXGroup;
			children = (
				BED6E29E2A701F820059388B /* unsplash */,
				BED6E29D2A701F820059388B /* Products */,
			);
			sourceTree = "<group>";
		};
		BED6E29D2A701F820059388B /* Products */ = {
			isa = PBXGroup;
			children = (
				BED6E29C2A701F820059388B /* unsplash.app */,
			);
			name = Products;
			sourceTree = "<group>";
		};
		BED6E29E2A701F820059388B /* unsplash */ = {
			isa = PBXGroup;
			children = (
				BEDAC8772A755E7D00BB0311 /* DetailUnsplash */,
				BEDAC8702A72A48A00BB0311 /* Favourite */,
				BEDAC86D2A72A42900BB0311 /* TabBar */,
				BEC33FC22A7295EE009A5986 /* Services */,
				BEC33FA42A719601009A5986 /* Application */,
				BEC33FBD2A727EAC009A5986 /* Extension */,
				BEC33FA82A719655009A5986 /* InfoPlist */,
				BEC33FA52A719614009A5986 /* Main */,
				BEC33FC12A729391009A5986 /* Resources */,
			);
			path = unsplash;
			sourceTree = "<group>";
		};
		BEDAC86D2A72A42900BB0311 /* TabBar */ = {
			isa = PBXGroup;
			children = (
				BEDAC86E2A72A43D00BB0311 /* TabBar.swift */,
			);
			path = TabBar;
			sourceTree = "<group>";
		};
		BEDAC8702A72A48A00BB0311 /* Favourite */ = {
			isa = PBXGroup;
			children = (
				BEDAC8712A72A49B00BB0311 /* FavouriteViewController.swift */,
				BE6336F92A77C1D300CF0F8F /* FavouriteViewModel.swift */,
			);
			path = Favourite;
			sourceTree = "<group>";
		};
		BEDAC8772A755E7D00BB0311 /* DetailUnsplash */ = {
			isa = PBXGroup;
			children = (
				BEDAC8752A755E6200BB0311 /* DetailUnsplashController.swift */,
				BEDAC8782A755E9400BB0311 /* DetailUnsplashViewModel.swift */,
			);
			path = DetailUnsplash;
			sourceTree = "<group>";
		};
/* End PBXGroup section */

/* Begin PBXNativeTarget section */
		BED6E29B2A701F820059388B /* unsplash */ = {
			isa = PBXNativeTarget;
			buildConfigurationList = BED6E2B02A701F840059388B /* Build configuration list for PBXNativeTarget "unsplash" */;
			buildPhases = (
				BED6E2982A701F820059388B /* Sources */,
				BED6E2992A701F820059388B /* Frameworks */,
				BED6E29A2A701F820059388B /* Resources */,
			);
			buildRules = (
			);
			dependencies = (
			);
			name = unsplash;
			productName = unsplash;
			productReference = BED6E29C2A701F820059388B /* unsplash.app */;
			productType = "com.apple.product-type.application";
		};
/* End PBXNativeTarget section */

/* Begin PBXProject section */
		BED6E2942A701F820059388B /* Project object */ = {
			isa = PBXProject;
			attributes = {
				BuildIndependentTargetsInParallel = 1;
				LastSwiftUpdateCheck = 1400;
				LastUpgradeCheck = 1400;
				TargetAttributes = {
					BED6E29B2A701F820059388B = {
						CreatedOnToolsVersion = 14.0.1;
					};
				};
			};
			buildConfigurationList = BED6E2972A701F820059388B /* Build configuration list for PBXProject "unsplash" */;
			compatibilityVersion = "Xcode 14.0";
			developmentRegion = en;
			hasScannedForEncodings = 0;
			knownRegions = (
				en,
				Base,
			);
			mainGroup = BED6E2932A701F820059388B;
			productRefGroup = BED6E29D2A701F820059388B /* Products */;
			projectDirPath = "";
			projectRoot = "";
			targets = (
				BED6E29B2A701F820059388B /* unsplash */,
			);
		};
/* End PBXProject section */

/* Begin PBXResourcesBuildPhase section */
		BED6E29A2A701F820059388B /* Resources */ = {
			isa = PBXResourcesBuildPhase;
			buildActionMask = 2147483647;
			files = (
				BED6E2AC2A701F840059388B /* LaunchScreen.storyboard in Resources */,
				BED6E2A92A701F840059388B /* Assets.xcassets in Resources */,
				BED6E2A72A701F820059388B /* Main.storyboard in Resources */,
			);
			runOnlyForDeploymentPostprocessing = 0;
		};
/* End PBXResourcesBuildPhase section */

/* Begin PBXSourcesBuildPhase section */
		BED6E2982A701F820059388B /* Sources */ = {
			isa = PBXSourcesBuildPhase;
			buildActionMask = 2147483647;
			files = (
				BEC33FAC2A71971B009A5986 /* NetworkManager.swift in Sources */,
				BEDAC8742A72ABC900BB0311 /* UIImageView+Extension.swift in Sources */,
				BED6E2A42A701F820059388B /* MainViewController.swift in Sources */,
				BEC33FB92A727CBC009A5986 /* ImageCell.swift in Sources */,
				BE6336FA2A77C1D300CF0F8F /* FavouriteViewModel.swift in Sources */,
				BEDAC8722A72A49B00BB0311 /* FavouriteViewController.swift in Sources */,
				BEDAC8762A755E6200BB0311 /* DetailUnsplashController.swift in Sources */,
				BED6E2A02A701F820059388B /* AppDelegate.swift in Sources */,
				BEC33FB02A726637009A5986 /* config.swift in Sources */,
				BEDAC87B2A76D79700BB0311 /* Morty.swift in Sources */,
				BEC33FB72A727B6A009A5986 /* UnsplashModel.swift in Sources */,
				BEDAC8792A755E9400BB0311 /* DetailUnsplashViewModel.swift in Sources */,
				BEC33FAE2A7264D1009A5986 /* MainViewModel.swift in Sources */,
				BEDAC86F2A72A43D00BB0311 /* TabBar.swift in Sources */,
				BEC33FBF2A727EC3009A5986 /* UICollectionViewCell+E.swift in Sources */,
				BED6E2A22A701F820059388B /* SceneDelegate.swift in Sources */,
			);
			runOnlyForDeploymentPostprocessing = 0;
		};
/* End PBXSourcesBuildPhase section */

/* Begin PBXVariantGroup section */
		BED6E2A52A701F820059388B /* Main.storyboard */ = {
			isa = PBXVariantGroup;
			children = (
				BED6E2A62A701F820059388B /* Base */,
			);
			name = Main.storyboard;
			sourceTree = "<group>";
		};
		BED6E2AA2A701F840059388B /* LaunchScreen.storyboard */ = {
			isa = PBXVariantGroup;
			children = (
				BED6E2AB2A701F840059388B /* Base */,
			);
			name = LaunchScreen.storyboard;
			sourceTree = "<group>";
		};
/* End PBXVariantGroup section */

/* Begin XCBuildConfiguration section */
		BED6E2AE2A701F840059388B /* Debug */ = {
			isa = XCBuildConfiguration;
			buildSettings = {
				ALWAYS_SEARCH_USER_PATHS = NO;
				CLANG_ANALYZER_NONNULL = YES;
				CLANG_ANALYZER_NUMBER_OBJECT_CONVERSION = YES_AGGRESSIVE;
				CLANG_CXX_LANGUAGE_STANDARD = "gnu++20";
				CLANG_ENABLE_MODULES = YES;
				CLANG_ENABLE_OBJC_ARC = YES;
				CLANG_ENABLE_OBJC_WEAK = YES;
				CLANG_WARN_BLOCK_CAPTURE_AUTORELEASING = YES;
				CLANG_WARN_BOOL_CONVERSION = YES;
				CLANG_WARN_COMMA = YES;
				CLANG_WARN_CONSTANT_CONVERSION = YES;
				CLANG_WARN_DEPRECATED_OBJC_IMPLEMENTATIONS = YES;
				CLANG_WARN_DIRECT_OBJC_ISA_USAGE = YES_ERROR;
				CLANG_WARN_DOCUMENTATION_COMMENTS = YES;
				CLANG_WARN_EMPTY_BODY = YES;
				CLANG_WARN_ENUM_CONVERSION = YES;
				CLANG_WARN_INFINITE_RECURSION = YES;
				CLANG_WARN_INT_CONVERSION = YES;
				CLANG_WARN_NON_LITERAL_NULL_CONVERSION = YES;
				CLANG_WARN_OBJC_IMPLICIT_RETAIN_SELF = YES;
				CLANG_WARN_OBJC_LITERAL_CONVERSION = YES;
				CLANG_WARN_OBJC_ROOT_CLASS = YES_ERROR;
				CLANG_WARN_QUOTED_INCLUDE_IN_FRAMEWORK_HEADER = YES;
				CLANG_WARN_RANGE_LOOP_ANALYSIS = YES;
				CLANG_WARN_STRICT_PROTOTYPES = YES;
				CLANG_WARN_SUSPICIOUS_MOVE = YES;
				CLANG_WARN_UNGUARDED_AVAILABILITY = YES_AGGRESSIVE;
				CLANG_WARN_UNREACHABLE_CODE = YES;
				CLANG_WARN__DUPLICATE_METHOD_MATCH = YES;
				COPY_PHASE_STRIP = NO;
				DEBUG_INFORMATION_FORMAT = dwarf;
				ENABLE_STRICT_OBJC_MSGSEND = YES;
				ENABLE_TESTABILITY = YES;
				GCC_C_LANGUAGE_STANDARD = gnu11;
				GCC_DYNAMIC_NO_PIC = NO;
				GCC_NO_COMMON_BLOCKS = YES;
				GCC_OPTIMIZATION_LEVEL = 0;
				GCC_PREPROCESSOR_DEFINITIONS = (
					"DEBUG=1",
					"$(inherited)",
				);
				GCC_WARN_64_TO_32_BIT_CONVERSION = YES;
				GCC_WARN_ABOUT_RETURN_TYPE = YES_ERROR;
				GCC_WARN_UNDECLARED_SELECTOR = YES;
				GCC_WARN_UNINITIALIZED_AUTOS = YES_AGGRESSIVE;
				GCC_WARN_UNUSED_FUNCTION = YES;
				GCC_WARN_UNUSED_VARIABLE = YES;
				IPHONEOS_DEPLOYMENT_TARGET = 16.0;
				MTL_ENABLE_DEBUG_INFO = INCLUDE_SOURCE;
				MTL_FAST_MATH = YES;
				ONLY_ACTIVE_ARCH = YES;
				SDKROOT = iphoneos;
				SWIFT_ACTIVE_COMPILATION_CONDITIONS = DEBUG;
				SWIFT_OPTIMIZATION_LEVEL = "-Onone";
			};
			name = Debug;
		};
		BED6E2AF2A701F840059388B /* Release */ = {
			isa = XCBuildConfiguration;
			buildSettings = {
				ALWAYS_SEARCH_USER_PATHS = NO;
				CLANG_ANALYZER_NONNULL = YES;
				CLANG_ANALYZER_NUMBER_OBJECT_CONVERSION = YES_AGGRESSIVE;
				CLANG_CXX_LANGUAGE_STANDARD = "gnu++20";
				CLANG_ENABLE_MODULES = YES;
				CLANG_ENABLE_OBJC_ARC = YES;
				CLANG_ENABLE_OBJC_WEAK = YES;
				CLANG_WARN_BLOCK_CAPTURE_AUTORELEASING = YES;
				CLANG_WARN_BOOL_CONVERSION = YES;
				CLANG_WARN_COMMA = YES;
				CLANG_WARN_CONSTANT_CONVERSION = YES;
				CLANG_WARN_DEPRECATED_OBJC_IMPLEMENTATIONS = YES;
				CLANG_WARN_DIRECT_OBJC_ISA_USAGE = YES_ERROR;
				CLANG_WARN_DOCUMENTATION_COMMENTS = YES;
				CLANG_WARN_EMPTY_BODY = YES;
				CLANG_WARN_ENUM_CONVERSION = YES;
				CLANG_WARN_INFINITE_RECURSION = YES;
				CLANG_WARN_INT_CONVERSION = YES;
				CLANG_WARN_NON_LITERAL_NULL_CONVERSION = YES;
				CLANG_WARN_OBJC_IMPLICIT_RETAIN_SELF = YES;
				CLANG_WARN_OBJC_LITERAL_CONVERSION = YES;
				CLANG_WARN_OBJC_ROOT_CLASS = YES_ERROR;
				CLANG_WARN_QUOTED_INCLUDE_IN_FRAMEWORK_HEADER = YES;
				CLANG_WARN_RANGE_LOOP_ANALYSIS = YES;
				CLANG_WARN_STRICT_PROTOTYPES = YES;
				CLANG_WARN_SUSPICIOUS_MOVE = YES;
				CLANG_WARN_UNGUARDED_AVAILABILITY = YES_AGGRESSIVE;
				CLANG_WARN_UNREACHABLE_CODE = YES;
				CLANG_WARN__DUPLICATE_METHOD_MATCH = YES;
				COPY_PHASE_STRIP = NO;
				DEBUG_INFORMATION_FORMAT = "dwarf-with-dsym";
				ENABLE_NS_ASSERTIONS = NO;
				ENABLE_STRICT_OBJC_MSGSEND = YES;
				GCC_C_LANGUAGE_STANDARD = gnu11;
				GCC_NO_COMMON_BLOCKS = YES;
				GCC_WARN_64_TO_32_BIT_CONVERSION = YES;
				GCC_WARN_ABOUT_RETURN_TYPE = YES_ERROR;
				GCC_WARN_UNDECLARED_SELECTOR = YES;
				GCC_WARN_UNINITIALIZED_AUTOS = YES_AGGRESSIVE;
				GCC_WARN_UNUSED_FUNCTION = YES;
				GCC_WARN_UNUSED_VARIABLE = YES;
				IPHONEOS_DEPLOYMENT_TARGET = 16.0;
				MTL_ENABLE_DEBUG_INFO = NO;
				MTL_FAST_MATH = YES;
				SDKROOT = iphoneos;
				SWIFT_COMPILATION_MODE = wholemodule;
				SWIFT_OPTIMIZATION_LEVEL = "-O";
				VALIDATE_PRODUCT = YES;
			};
			name = Release;
		};
		BED6E2B12A701F840059388B /* Debug */ = {
			isa = XCBuildConfiguration;
			buildSettings = {
				ASSETCATALOG_COMPILER_APPICON_NAME = AppIcon;
				ASSETCATALOG_COMPILER_GLOBAL_ACCENT_COLOR_NAME = AccentColor;
				CODE_SIGN_STYLE = Automatic;
				CURRENT_PROJECT_VERSION = 1;
				DEVELOPMENT_TEAM = 5D8GMHCN78;
				GENERATE_INFOPLIST_FILE = YES;
				INFOPLIST_FILE = unsplash/InfoPlist/Info.plist;
				INFOPLIST_KEY_UIApplicationSupportsIndirectInputEvents = YES;
				INFOPLIST_KEY_UILaunchStoryboardName = LaunchScreen;
				INFOPLIST_KEY_UISupportedInterfaceOrientations_iPad = "UIInterfaceOrientationPortrait UIInterfaceOrientationPortraitUpsideDown UIInterfaceOrientationLandscapeLeft UIInterfaceOrientationLandscapeRight";
				INFOPLIST_KEY_UISupportedInterfaceOrientations_iPhone = "UIInterfaceOrientationPortrait UIInterfaceOrientationLandscapeLeft UIInterfaceOrientationLandscapeRight";
				LD_RUNPATH_SEARCH_PATHS = (
					"$(inherited)",
					"@executable_path/Frameworks",
				);
				MARKETING_VERSION = 1.0;
				PRODUCT_BUNDLE_IDENTIFIER = com.bael.unsplash;
				PRODUCT_NAME = "$(TARGET_NAME)";
				SWIFT_EMIT_LOC_STRINGS = YES;
				SWIFT_VERSION = 5.0;
				TARGETED_DEVICE_FAMILY = "1,2";
			};
			name = Debug;
		};
		BED6E2B22A701F840059388B /* Release */ = {
			isa = XCBuildConfiguration;
			buildSettings = {
				ASSETCATALOG_COMPILER_APPICON_NAME = AppIcon;
				ASSETCATALOG_COMPILER_GLOBAL_ACCENT_COLOR_NAME = AccentColor;
				CODE_SIGN_STYLE = Automatic;
				CURRENT_PROJECT_VERSION = 1;
				DEVELOPMENT_TEAM = 5D8GMHCN78;
				GENERATE_INFOPLIST_FILE = YES;
				INFOPLIST_FILE = unsplash/InfoPlist/Info.plist;
				INFOPLIST_KEY_UIApplicationSupportsIndirectInputEvents = YES;
				INFOPLIST_KEY_UILaunchStoryboardName = LaunchScreen;
				INFOPLIST_KEY_UISupportedInterfaceOrientations_iPad = "UIInterfaceOrientationPortrait UIInterfaceOrientationPortraitUpsideDown UIInterfaceOrientationLandscapeLeft UIInterfaceOrientationLandscapeRight";
				INFOPLIST_KEY_UISupportedInterfaceOrientations_iPhone = "UIInterfaceOrientationPortrait UIInterfaceOrientationLandscapeLeft UIInterfaceOrientationLandscapeRight";
				LD_RUNPATH_SEARCH_PATHS = (
					"$(inherited)",
					"@executable_path/Frameworks",
				);
				MARKETING_VERSION = 1.0;
				PRODUCT_BUNDLE_IDENTIFIER = com.bael.unsplash;
				PRODUCT_NAME = "$(TARGET_NAME)";
				SWIFT_EMIT_LOC_STRINGS = YES;
				SWIFT_VERSION = 5.0;
				TARGETED_DEVICE_FAMILY = "1,2";
			};
			name = Release;
		};
/* End XCBuildConfiguration section */

/* Begin XCConfigurationList section */
		BED6E2972A701F820059388B /* Build configuration list for PBXProject "unsplash" */ = {
			isa = XCConfigurationList;
			buildConfigurations = (
				BED6E2AE2A701F840059388B /* Debug */,
				BED6E2AF2A701F840059388B /* Release */,
			);
			defaultConfigurationIsVisible = 0;
			defaultConfigurationName = Release;
		};
		BED6E2B02A701F840059388B /* Build configuration list for PBXNativeTarget "unsplash" */ = {
			isa = XCConfigurationList;
			buildConfigurations = (
				BED6E2B12A701F840059388B /* Debug */,
				BED6E2B22A701F840059388B /* Release */,
			);
			defaultConfigurationIsVisible = 0;
			defaultConfigurationName = Release;
		};
/* End XCConfigurationList section */
	};
	rootObject = BED6E2942A701F820059388B /* Project object */;
}
